{
  "name": "machine-rimac",
  "version": "1.0.0",
  "lockfileVersion": 1,
  "requires": true,
  "dependencies": {
    "systeminformation": {
      "version": "4.30.10",
      "resolved": "https://registry.npmjs.org/systeminformation/-/systeminformation-4.30.10.tgz",
      "integrity": "sha512-BndDV7hjRomUGkHK6MO661KUUWcDRbr5SlepDvREidYnR2QJIyHln0iSysH9GPOT7YJgwtswdyg/up/ZFYxHrQ=="
    }
  }
}
